{
  "name": "@sf/shared",
  "version": "0.1.0",
  "lockfileVersion": 3,
  "requires": true,
  "packages": {
    "": {
      "name": "@sf/shared",
      "version": "0.1.0",
      "dependencies": {
        "@colyseus/schema": "^5.0.31"
      },
      "devDependencies": {
        "typescript": "^5.9.0"
      }
    },
    "node_modules/@colyseus/schema": {
      "version": "5.0.34",
      "resolved": "https://registry.npmjs.org/@colyseus/schema/-/schema-5.0.34.tgz",
      "integrity": "sha512-66YPLYAl7l+ezlymFtvYtfEpQasRUd+TjAprEph1ieDWC/FHolAnFsYhL4yESZf4r5qMIkaGTz+4Zz1Ex0LB4A==",
      "license": "MIT",
      "bin": {
        "schema-codegen": "bin/schema-codegen",
        "schema-debug": "bin/schema-debug"
      },
      "peerDependencies": {
        "typescript": ">=5.0.0"
      },
      "peerDependenciesMeta": {
        "typescript": {
          "optional": true
        }
      }
    },
    "node_modules/typescript": {
      "version": "5.9.3",
      "resolved": "https://registry.npmjs.org/typescript/-/typescript-5.9.3.tgz",
      "integrity": "sha512-jl1vZzPDinLr9eUt3J/t7V6FgNEw9QjvBPdysz9KfQDD41fQrC2Y4vKQdiaUpFT4bXlb1RHhLpp8wtm6M5TgSw==",
      "devOptional": true,
      "license": "Apache-2.0",
      "bin": {
        "tsc": "bin/tsc",
        "tsserver": "bin/tsserver"
      },
      "engines": {
        "node": ">=14.17"
      }
    }
  }
}
